
Microsoft Visual Studio Solution File, Format Version 12.00
# Visual Studio Version 16
VisualStudioVersion = 16.0.31702.278
MinimumVisualStudioVersion = 10.0.40219.1
Project("{FAE04EC0-301F-11D3-BF4B-00C04F79EFBC}") = "KursachTolkachev", "KursachTolkachev\KursachTolkachev.csproj", "{B586047A-F9DA-4312-89C7-D47B74C2C1B9}"
EndProject
Global
	GlobalSection(SolutionConfigurationPlatforms) = preSolution
		Debug|Any CPU = Debug|Any CPU
		Release|Any CPU = Release|Any CPU
	EndGlobalSection
	GlobalSection(ProjectConfigurationPlatforms) = postSolution
		{B586047A-F9DA-4312-89C7-D47B74C2C1B9}.Debug|Any CPU.ActiveCfg = Debug|Any CPU
		{B586047A-F9DA-4312-89C7-D47B74C2C1B9}.Debug|Any CPU.Build.0 = Debug|Any CPU
		{B586047A-F9DA-4312-89C7-D47B74C2C1B9}.Release|Any CPU.ActiveCfg = Release|Any CPU
		{B586047A-F9DA-4312-89C7-D47B74C2C1B9}.Release|Any CPU.Build.0 = Release|Any CPU
	EndGlobalSection
	GlobalSection(SolutionProperties) = preSolution
		HideSolutionNode = FALSE
	EndGlobalSection
	GlobalSection(ExtensibilityGlobals) = postSolution
		SolutionGuid = {5DA416D3-A410-41E1-9ACB-DA26E9F63187}
	EndGlobalSection
EndGlobal
